
Microsoft Visual Studio Solution File, Format Version 12.00
# Visual Studio Version 17
VisualStudioVersion = 17.10.35122.118
MinimumVisualStudioVersion = 10.0.40219.1
Project("{FAE04EC0-301F-11D3-BF4B-00C04F79EFBC}") = "PROJETO_VENDAS", "PROJETO_VENDAS\PROJETO_VENDAS.csproj", "{077BE288-1450-4B9C-95C9-E1D83960D7C9}"
EndProject
Global
	GlobalSection(SolutionConfigurationPlatforms) = preSolution
		Debug|Any CPU = Debug|Any CPU
		Release|Any CPU = Release|Any CPU
	EndGlobalSection
	GlobalSection(ProjectConfigurationPlatforms) = postSolution
		{077BE288-1450-4B9C-95C9-E1D83960D7C9}.Debug|Any CPU.ActiveCfg = Debug|Any CPU
		{077BE288-1450-4B9C-95C9-E1D83960D7C9}.Debug|Any CPU.Build.0 = Debug|Any CPU
		{077BE288-1450-4B9C-95C9-E1D83960D7C9}.Release|Any CPU.ActiveCfg = Release|Any CPU
		{077BE288-1450-4B9C-95C9-E1D83960D7C9}.Release|Any CPU.Build.0 = Release|Any CPU
	EndGlobalSection
	GlobalSection(SolutionProperties) = preSolution
		HideSolutionNode = FALSE
	EndGlobalSection
	GlobalSection(ExtensibilityGlobals) = postSolution
		SolutionGuid = {26382782-D366-405C-9EC8-54C890DDCCB7}
	EndGlobalSection
EndGlobal
